
Microsoft Visual Studio Solution File, Format Version 12.00
# Visual Studio 15
VisualStudioVersion = 15.0.28307.572
MinimumVisualStudioVersion = 10.0.40219.1
Project("{FAE04EC0-301F-11D3-BF4B-00C04F79EFBC}") = "ASGJETSAT.DAL", "ASGJETSAT.DAL\ASGJETSAT.DAL.csproj", "{C22C90AB-A036-4B23-8A4D-FAEB62E6E5B0}"
EndProject
Project("{FAE04EC0-301F-11D3-BF4B-00C04F79EFBC}") = "ASGJETSAT.BL", "ASGJETSAT.BL\ASGJETSAT.BL.csproj", "{FB4E66D9-B7F8-47CB-91CD-D02A97D414A2}"
EndProject
Project("{FAE04EC0-301F-11D3-BF4B-00C04F79EFBC}") = "ASGJETSAT.Entities", "ASGJETSAT.Entities\ASGJETSAT.Entities.csproj", "{77482C2D-12AA-450F-8B52-39B048A0BEFB}"
EndProject
Project("{FAE04EC0-301F-11D3-BF4B-00C04F79EFBC}") = "ASGJETSAT.PL", "ASGJETSAT.PL\ASGJETSAT.PL.csproj", "{D2003F88-F68E-412B-B69F-15BC3E0F2C3A}"
EndProject
Global
	GlobalSection(SolutionConfigurationPlatforms) = preSolution
		Debug|Any CPU = Debug|Any CPU
		Release|Any CPU = Release|Any CPU
	EndGlobalSection
	GlobalSection(ProjectConfigurationPlatforms) = postSolution
		{C22C90AB-A036-4B23-8A4D-FAEB62E6E5B0}.Debug|Any CPU.ActiveCfg = Debug|Any CPU
		{C22C90AB-A036-4B23-8A4D-FAEB62E6E5B0}.Debug|Any CPU.Build.0 = Debug|Any CPU
		{C22C90AB-A036-4B23-8A4D-FAEB62E6E5B0}.Release|Any CPU.ActiveCfg = Release|Any CPU
		{C22C90AB-A036-4B23-8A4D-FAEB62E6E5B0}.Release|Any CPU.Build.0 = Release|Any CPU
		{FB4E66D9-B7F8-47CB-91CD-D02A97D414A2}.Debug|Any CPU.ActiveCfg = Debug|Any CPU
		{FB4E66D9-B7F8-47CB-91CD-D02A97D414A2}.Debug|Any CPU.Build.0 = Debug|Any CPU
		{FB4E66D9-B7F8-47CB-91CD-D02A97D414A2}.Release|Any CPU.ActiveCfg = Release|Any CPU
		{FB4E66D9-B7F8-47CB-91CD-D02A97D414A2}.Release|Any CPU.Build.0 = Release|Any CPU
		{77482C2D-12AA-450F-8B52-39B048A0BEFB}.Debug|Any CPU.ActiveCfg = Debug|Any CPU
		{77482C2D-12AA-450F-8B52-39B048A0BEFB}.Debug|Any CPU.Build.0 = Debug|Any CPU
		{77482C2D-12AA-450F-8B52-39B048A0BEFB}.Release|Any CPU.ActiveCfg = Release|Any CPU
		{77482C2D-12AA-450F-8B52-39B048A0BEFB}.Release|Any CPU.Build.0 = Release|Any CPU
		{D2003F88-F68E-412B-B69F-15BC3E0F2C3A}.Debug|Any CPU.ActiveCfg = Debug|Any CPU
		{D2003F88-F68E-412B-B69F-15BC3E0F2C3A}.Debug|Any CPU.Build.0 = Debug|Any CPU
		{D2003F88-F68E-412B-B69F-15BC3E0F2C3A}.Release|Any CPU.ActiveCfg = Release|Any CPU
		{D2003F88-F68E-412B-B69F-15BC3E0F2C3A}.Release|Any CPU.Build.0 = Release|Any CPU
	EndGlobalSection
	GlobalSection(SolutionProperties) = preSolution
		HideSolutionNode = FALSE
	EndGlobalSection
	GlobalSection(ExtensibilityGlobals) = postSolution
		SolutionGuid = {C6DB384A-124C-451C-AE58-308B9DD443FA}
	EndGlobalSection
EndGlobal
